// !$*UTF8*$!
{
	archiveVersion = 1;
	classes = {
	};
	objectVersion = 46;
	objects = {

/* Begin PBXBuildFile section */
		379FE91D19DFB5E300B71CFF /* Away.png in Resources */ = {isa = PBXBuildFile; fileRef = 379FE90A19DFB5E300B71CFF /* Away.png */; };
		379FE91E19DFB5E300B71CFF /* background_gradient_basic_background_gradient_gray_11_5000x4000.jpg in Resources */ = {isa = PBXBuildFile; fileRef = 379FE90B19DFB5E300B71CFF /* background_gradient_basic_background_gradient_gray_11_5000x4000.jpg */; };
		379FE92019DFB5E300B71CFF /* bubbleMine2.png in Resources */ = {isa = PBXBuildFile; fileRef = 379FE90D19DFB5E300B71CFF /* bubbleMine2.png */; };
		379FE92319DFB5E300B71CFF /* bubbleSomeone2.png in Resources */ = {isa = PBXBuildFile; fileRef = 379FE91019DFB5E300B71CFF /* bubbleSomeone2.png */; };
		379FE92519DFB5E300B71CFF /* DonotDisturb.png in Resources */ = {isa = PBXBuildFile; fileRef = 379FE91219DFB5E300B71CFF /* DonotDisturb.png */; };
		379FE92719DFB5E300B71CFF /* missingAvatar.png in Resources */ = {isa = PBXBuildFile; fileRef = 379FE91419DFB5E300B71CFF /* missingAvatar.png */; };
		379FE92819DFB5E300B71CFF /* missingAvatar@2x.png in Resources */ = {isa = PBXBuildFile; fileRef = 379FE91519DFB5E300B71CFF /* missingAvatar@2x.png */; };
		379FE92A19DFB5E300B71CFF /* Online.png in Resources */ = {isa = PBXBuildFile; fileRef = 379FE91719DFB5E300B71CFF /* Online.png */; };
		379FE93819DFBA2C00B71CFF /* ContactViewController.swift in Sources */ = {isa = PBXBuildFile; fileRef = 379FE92F19DFBA2C00B71CFF /* ContactViewController.swift */; };
		379FE93919DFBA2C00B71CFF /* ConversationViewController.swift in Sources */ = {isa = PBXBuildFile; fileRef = 379FE93019DFBA2C00B71CFF /* ConversationViewController.swift */; };
		379FE93B19DFBA2C00B71CFF /* LoginViewController.swift in Sources */ = {isa = PBXBuildFile; fileRef = 379FE93219DFBA2C00B71CFF /* LoginViewController.swift */; };
		379FE93D19DFBA2C00B71CFF /* RecentViewController.swift in Sources */ = {isa = PBXBuildFile; fileRef = 379FE93419DFBA2C00B71CFF /* RecentViewController.swift */; };
		379FE93E19DFBA2C00B71CFF /* SettingViewController.swift in Sources */ = {isa = PBXBuildFile; fileRef = 379FE93519DFBA2C00B71CFF /* SettingViewController.swift */; };
		379FE95619DFBC0900B71CFF /* SRWebSocket.m in Sources */ = {isa = PBXBuildFile; fileRef = 379FE95519DFBC0900B71CFF /* SRWebSocket.m */; };
		379FE97419DFBD2200B71CFF /* GlobalVariable.swift in Sources */ = {isa = PBXBuildFile; fileRef = 379FE97019DFBD2200B71CFF /* GlobalVariable.swift */; };
		379FE97519DFBD2200B71CFF /* LoginInfo.swift in Sources */ = {isa = PBXBuildFile; fileRef = 379FE97119DFBD2200B71CFF /* LoginInfo.swift */; };
		379FE97619DFBD2200B71CFF /* MessageDelegate.swift in Sources */ = {isa = PBXBuildFile; fileRef = 379FE97219DFBD2200B71CFF /* MessageDelegate.swift */; };
		379FE97719DFBD2200B71CFF /* MessageSocket.swift in Sources */ = {isa = PBXBuildFile; fileRef = 379FE97319DFBD2200B71CFF /* MessageSocket.swift */; };
		379FE97B19DFBECE00B71CFF /* AuthenticateDelegate.swift in Sources */ = {isa = PBXBuildFile; fileRef = 379FE97A19DFBECE00B71CFF /* AuthenticateDelegate.swift */; };
		379FE97D19DFC87600B71CFF /* ContactCell.swift in Sources */ = {isa = PBXBuildFile; fileRef = 379FE97C19DFC87600B71CFF /* ContactCell.swift */; };
		6E2B611E19E7948400420D4E /* NSBubbleData.m in Sources */ = {isa = PBXBuildFile; fileRef = 6E2B611419E7948400420D4E /* NSBubbleData.m */; };
		6E2B611F19E7948400420D4E /* UIBubbleHeaderTableViewCell.m in Sources */ = {isa = PBXBuildFile; fileRef = 6E2B611619E7948400420D4E /* UIBubbleHeaderTableViewCell.m */; };
		6E2B612019E7948400420D4E /* UIBubbleTableView.m in Sources */ = {isa = PBXBuildFile; fileRef = 6E2B611819E7948400420D4E /* UIBubbleTableView.m */; };
		6E2B612119E7948400420D4E /* UIBubbleTableViewCell.m in Sources */ = {isa = PBXBuildFile; fileRef = 6E2B611A19E7948400420D4E /* UIBubbleTableViewCell.m */; };
		6E2B612219E7948400420D4E /* UIBubbleTypingTableViewCell.m in Sources */ = {isa = PBXBuildFile; fileRef = 6E2B611D19E7948400420D4E /* UIBubbleTypingTableViewCell.m */; };
		6E2B612419E7950300420D4E /* CoreDataHelper.swift in Sources */ = {isa = PBXBuildFile; fileRef = 6E2B612319E7950300420D4E /* CoreDataHelper.swift */; };
		6E34251A19E28A0600802DF4 /* TabBarViewController.swift in Sources */ = {isa = PBXBuildFile; fileRef = 6E34251919E28A0600802DF4 /* TabBarViewController.swift */; };
		6E34251C19E28A8500802DF4 /* NotificationDelegate.swift in Sources */ = {isa = PBXBuildFile; fileRef = 6E34251B19E28A8500802DF4 /* NotificationDelegate.swift */; };
		6E3E4AC919E4E9DF000F2233 /* BusinessAccess.swift in Sources */ = {isa = PBXBuildFile; fileRef = 6E3E4AC819E4E9DF000F2233 /* BusinessAccess.swift */; };
		6E74EEE819D509290055912B /* AppDelegate.swift in Sources */ = {isa = PBXBuildFile; fileRef = 6E74EEE719D509290055912B /* AppDelegate.swift */; };
		6E74EEF019D509290055912B /* Main.storyboard in Resources */ = {isa = PBXBuildFile; fileRef = 6E74EEEE19D509290055912B /* Main.storyboard */; };
		6E74EEF219D509290055912B /* Images.xcassets in Resources */ = {isa = PBXBuildFile; fileRef = 6E74EEF119D509290055912B /* Images.xcassets */; };
		6E74EEF519D509290055912B /* LaunchScreen.xib in Resources */ = {isa = PBXBuildFile; fileRef = 6E74EEF319D509290055912B /* LaunchScreen.xib */; };
		6E74EF0119D509290055912B /* SilverMessengerTests.swift in Sources */ = {isa = PBXBuildFile; fileRef = 6E74EF0019D509290055912B /* SilverMessengerTests.swift */; };
		6E9BA0F819E57A51004CA0F8 /* SilverMessenger.xcdatamodeld in Sources */ = {isa = PBXBuildFile; fileRef = 6E9BA0F619E57A51004CA0F8 /* SilverMessenger.xcdatamodeld */; };
		6E9BA0FA19E57E75004CA0F8 /* MessageEntity.swift in Sources */ = {isa = PBXBuildFile; fileRef = 6E9BA0F919E57E75004CA0F8 /* MessageEntity.swift */; };
		6ED98A3019E5321E00136C27 /* RecentCell.swift in Sources */ = {isa = PBXBuildFile; fileRef = 6ED98A2F19E5321E00136C27 /* RecentCell.swift */; };
		6EEB4F3319E7828200304AC9 /* KeychainWapper.m in Sources */ = {isa = PBXBuildFile; fileRef = 6EEB4F3219E7828200304AC9 /* KeychainWapper.m */; };
		6EEB4F3519E7899200304AC9 /* NavigationController.swift in Sources */ = {isa = PBXBuildFile; fileRef = 6EEB4F3419E7899200304AC9 /* NavigationController.swift */; };
		6EFF479519E698530097404F /* NewMessage.wav in Resources */ = {isa = PBXBuildFile; fileRef = 6EFF479419E698530097404F /* NewMessage.wav */; };
/* End PBXBuildFile section */

/* Begin PBXContainerItemProxy section */
		6E74EEFB19D509290055912B /* PBXContainerItemProxy */ = {
			isa = PBXContainerItemProxy;
			containerPortal = 6E74EEDA19D509290055912B /* Project object */;
			proxyType = 1;
			remoteGlobalIDString = 6E74EEE119D509290055912B;
			remoteInfo = SilverMessenger;
		};
/* End PBXContainerItemProxy section */

/* Begin PBXFileReference section */
		379FE90A19DFB5E300B71CFF /* Away.png */ = {isa = PBXFileReference; lastKnownFileType = image.png; path = Away.png; sourceTree = "<group>"; };
		379FE90B19DFB5E300B71CFF /* background_gradient_basic_background_gradient_gray_11_5000x4000.jpg */ = {isa = PBXFileReference; lastKnownFileType = image.jpeg; path = background_gradient_basic_background_gradient_gray_11_5000x4000.jpg; sourceTree = "<group>"; };
		379FE90D19DFB5E300B71CFF /* bubbleMine2.png */ = {isa = PBXFileReference; lastKnownFileType = image.png; path = bubbleMine2.png; sourceTree = "<group>"; };
		379FE91019DFB5E300B71CFF /* bubbleSomeone2.png */ = {isa = PBXFileReference; lastKnownFileType = image.png; path = bubbleSomeone2.png; sourceTree = "<group>"; };
		379FE91219DFB5E300B71CFF /* DonotDisturb.png */ = {isa = PBXFileReference; lastKnownFileType = image.png; path = DonotDisturb.png; sourceTree = "<group>"; };
		379FE91419DFB5E300B71CFF /* missingAvatar.png */ = {isa = PBXFileReference; lastKnownFileType = image.png; path = missingAvatar.png; sourceTree = "<group>"; };
		379FE91519DFB5E300B71CFF /* missingAvatar@2x.png */ = {isa = PBXFileReference; lastKnownFileType = image.png; path = "missingAvatar@2x.png"; sourceTree = "<group>"; };
		379FE91719DFB5E300B71CFF /* Online.png */ = {isa = PBXFileReference; lastKnownFileType = image.png; path = Online.png; sourceTree = "<group>"; };
		379FE92F19DFBA2C00B71CFF /* ContactViewController.swift */ = {isa = PBXFileReference; fileEncoding = 4; lastKnownFileType = sourcecode.swift; path = ContactViewController.swift; sourceTree = "<group>"; };
		379FE93019DFBA2C00B71CFF /* ConversationViewController.swift */ = {isa = PBXFileReference; fileEncoding = 4; lastKnownFileType = sourcecode.swift; path = ConversationViewController.swift; sourceTree = "<group>"; };
		379FE93219DFBA2C00B71CFF /* LoginViewController.swift */ = {isa = PBXFileReference; fileEncoding = 4; lastKnownFileType = sourcecode.swift; path = LoginViewController.swift; sourceTree = "<group>"; };
		379FE93419DFBA2C00B71CFF /* RecentViewController.swift */ = {isa = PBXFileReference; fileEncoding = 4; lastKnownFileType = sourcecode.swift; path = RecentViewController.swift; sourceTree = "<group>"; };
		379FE93519DFBA2C00B71CFF /* SettingViewController.swift */ = {isa = PBXFileReference; fileEncoding = 4; lastKnownFileType = sourcecode.swift; path = SettingViewController.swift; sourceTree = "<group>"; };
		379FE95419DFBC0900B71CFF /* SRWebSocket.h */ = {isa = PBXFileReference; fileEncoding = 4; lastKnownFileType = sourcecode.c.h; name = SRWebSocket.h; path = ../SRWebSocket.h; sourceTree = "<group>"; };
		379FE95519DFBC0900B71CFF /* SRWebSocket.m */ = {isa = PBXFileReference; fileEncoding = 4; lastKnownFileType = sourcecode.c.objc; name = SRWebSocket.m; path = ../SRWebSocket.m; sourceTree = "<group>"; };
		379FE97019DFBD2200B71CFF /* GlobalVariable.swift */ = {isa = PBXFileReference; fileEncoding = 4; lastKnownFileType = sourcecode.swift; path = GlobalVariable.swift; sourceTree = "<group>"; };
		379FE97119DFBD2200B71CFF /* LoginInfo.swift */ = {isa = PBXFileReference; fileEncoding = 4; lastKnownFileType = sourcecode.swift; path = LoginInfo.swift; sourceTree = "<group>"; };
		379FE97219DFBD2200B71CFF /* MessageDelegate.swift */ = {isa = PBXFileReference; fileEncoding = 4; lastKnownFileType = sourcecode.swift; name = MessageDelegate.swift; path = ../MessageDelegate.swift; sourceTree = "<group>"; };
		379FE97319DFBD2200B71CFF /* MessageSocket.swift */ = {isa = PBXFileReference; fileEncoding = 4; lastKnownFileType = sourcecode.swift; path = MessageSocket.swift; sourceTree = "<group>"; };
		379FE97A19DFBECE00B71CFF /* AuthenticateDelegate.swift */ = {isa = PBXFileReference; fileEncoding = 4; lastKnownFileType = sourcecode.swift; name = AuthenticateDelegate.swift; path = ../AuthenticateDelegate.swift; sourceTree = "<group>"; };
		379FE97C19DFC87600B71CFF /* ContactCell.swift */ = {isa = PBXFileReference; fileEncoding = 4; lastKnownFileType = sourcecode.swift; path = ContactCell.swift; sourceTree = "<group>"; };
		6E2B611319E7948400420D4E /* NSBubbleData.h */ = {isa = PBXFileReference; fileEncoding = 4; lastKnownFileType = sourcecode.c.h; path = NSBubbleData.h; sourceTree = "<group>"; };
		6E2B611419E7948400420D4E /* NSBubbleData.m */ = {isa = PBXFileReference; fileEncoding = 4; lastKnownFileType = sourcecode.c.objc; path = NSBubbleData.m; sourceTree = "<group>"; };
		6E2B611519E7948400420D4E /* UIBubbleHeaderTableViewCell.h */ = {isa = PBXFileReference; fileEncoding = 4; lastKnownFileType = sourcecode.c.h; path = UIBubbleHeaderTableViewCell.h; sourceTree = "<group>"; };
		6E2B611619E7948400420D4E /* UIBubbleHeaderTableViewCell.m */ = {isa = PBXFileReference; fileEncoding = 4; lastKnownFileType = sourcecode.c.objc; path = UIBubbleHeaderTableViewCell.m; sourceTree = "<group>"; };
		6E2B611719E7948400420D4E /* UIBubbleTableView.h */ = {isa = PBXFileReference; fileEncoding = 4; lastKnownFileType = sourcecode.c.h; path = UIBubbleTableView.h; sourceTree = "<group>"; };
		6E2B611819E7948400420D4E /* UIBubbleTableView.m */ = {isa = PBXFileReference; fileEncoding = 4; lastKnownFileType = sourcecode.c.objc; path = UIBubbleTableView.m; sourceTree = "<group>"; };
		6E2B611919E7948400420D4E /* UIBubbleTableViewCell.h */ = {isa = PBXFileReference; fileEncoding = 4; lastKnownFileType = sourcecode.c.h; path = UIBubbleTableViewCell.h; sourceTree = "<group>"; };
		6E2B611A19E7948400420D4E /* UIBubbleTableViewCell.m */ = {isa = PBXFileReference; fileEncoding = 4; lastKnownFileType = sourcecode.c.objc; path = UIBubbleTableViewCell.m; sourceTree = "<group>"; };
		6E2B611B19E7948400420D4E /* UIBubbleTableViewDataSource.h */ = {isa = PBXFileReference; fileEncoding = 4; lastKnownFileType = sourcecode.c.h; path = UIBubbleTableViewDataSource.h; sourceTree = "<group>"; };
		6E2B611C19E7948400420D4E /* UIBubbleTypingTableViewCell.h */ = {isa = PBXFileReference; fileEncoding = 4; lastKnownFileType = sourcecode.c.h; path = UIBubbleTypingTableViewCell.h; sourceTree = "<group>"; };
		6E2B611D19E7948400420D4E /* UIBubbleTypingTableViewCell.m */ = {isa = PBXFileReference; fileEncoding = 4; lastKnownFileType = sourcecode.c.objc; path = UIBubbleTypingTableViewCell.m; sourceTree = "<group>"; };
		6E2B612319E7950300420D4E /* CoreDataHelper.swift */ = {isa = PBXFileReference; fileEncoding = 4; lastKnownFileType = sourcecode.swift; path = CoreDataHelper.swift; sourceTree = "<group>"; };
		6E34251919E28A0600802DF4 /* TabBarViewController.swift */ = {isa = PBXFileReference; fileEncoding = 4; lastKnownFileType = sourcecode.swift; path = TabBarViewController.swift; sourceTree = "<group>"; };
		6E34251B19E28A8500802DF4 /* NotificationDelegate.swift */ = {isa = PBXFileReference; fileEncoding = 4; lastKnownFileType = sourcecode.swift; name = NotificationDelegate.swift; path = ../NotificationDelegate.swift; sourceTree = "<group>"; };
		6E3E4AC819E4E9DF000F2233 /* BusinessAccess.swift */ = {isa = PBXFileReference; fileEncoding = 4; lastKnownFileType = sourcecode.swift; path = BusinessAccess.swift; sourceTree = "<group>"; };
		6E74EEE219D509290055912B /* SilverMessenger.app */ = {isa = PBXFileReference; explicitFileType = wrapper.application; includeInIndex = 0; path = SilverMessenger.app; sourceTree = BUILT_PRODUCTS_DIR; };
		6E74EEE619D509290055912B /* Info.plist */ = {isa = PBXFileReference; lastKnownFileType = text.plist.xml; path = Info.plist; sourceTree = "<group>"; };
		6E74EEE719D509290055912B /* AppDelegate.swift */ = {isa = PBXFileReference; lastKnownFileType = sourcecode.swift; name = AppDelegate.swift; path = ../AppDelegate.swift; sourceTree = "<group>"; };
		6E74EEEF19D509290055912B /* Base */ = {isa = PBXFileReference; lastKnownFileType = file.storyboard; name = Base; path = Base.lproj/Main.storyboard; sourceTree = "<group>"; };
		6E74EEF119D509290055912B /* Images.xcassets */ = {isa = PBXFileReference; lastKnownFileType = folder.assetcatalog; name = Images.xcassets; path = ../Images.xcassets; sourceTree = "<group>"; };
		6E74EEF419D509290055912B /* Base */ = {isa = PBXFileReference; lastKnownFileType = file.xib; name = Base; path = Base.lproj/LaunchScreen.xib; sourceTree = "<group>"; };
		6E74EEFA19D509290055912B /* SilverMessengerTests.xctest */ = {isa = PBXFileReference; explicitFileType = wrapper.cfbundle; includeInIndex = 0; path = SilverMessengerTests.xctest; sourceTree = BUILT_PRODUCTS_DIR; };
		6E74EEFF19D509290055912B /* Info.plist */ = {isa = PBXFileReference; lastKnownFileType = text.plist.xml; path = Info.plist; sourceTree = "<group>"; };
		6E74EF0019D509290055912B /* SilverMessengerTests.swift */ = {isa = PBXFileReference; lastKnownFileType = sourcecode.swift; path = SilverMessengerTests.swift; sourceTree = "<group>"; };
		6E9BA0F719E57A51004CA0F8 /* SilverMessenger.xcdatamodel */ = {isa = PBXFileReference; lastKnownFileType = wrapper.xcdatamodel; path = SilverMessenger.xcdatamodel; sourceTree = "<group>"; };
		6E9BA0F919E57E75004CA0F8 /* MessageEntity.swift */ = {isa = PBXFileReference; fileEncoding = 4; lastKnownFileType = sourcecode.swift; path = MessageEntity.swift; sourceTree = "<group>"; };
		6ED98A2F19E5321E00136C27 /* RecentCell.swift */ = {isa = PBXFileReference; fileEncoding = 4; lastKnownFileType = sourcecode.swift; path = RecentCell.swift; sourceTree = "<group>"; };
		6EE5249019D56BE90004CCAF /* SilverMessenger-Bridging-Header.h */ = {isa = PBXFileReference; lastKnownFileType = sourcecode.c.h; name = "SilverMessenger-Bridging-Header.h"; path = "../SilverMessenger-Bridging-Header.h"; sourceTree = "<group>"; };
		6EEB4F3119E7826D00304AC9 /* KeychainWrapper.h */ = {isa = PBXFileReference; lastKnownFileType = sourcecode.c.h; path = KeychainWrapper.h; sourceTree = "<group>"; };
		6EEB4F3219E7828200304AC9 /* KeychainWapper.m */ = {isa = PBXFileReference; fileEncoding = 4; lastKnownFileType = sourcecode.c.objc; path = KeychainWapper.m; sourceTree = "<group>"; };
		6EEB4F3419E7899200304AC9 /* NavigationController.swift */ = {isa = PBXFileReference; fileEncoding = 4; lastKnownFileType = sourcecode.swift; path = NavigationController.swift; sourceTree = "<group>"; };
		6EFF479419E698530097404F /* NewMessage.wav */ = {isa = PBXFileReference; lastKnownFileType = audio.wav; path = NewMessage.wav; sourceTree = "<group>"; };
/* End PBXFileReference section */

/* Begin PBXFrameworksBuildPhase section */
		6E74EEDF19D509290055912B /* Frameworks */ = {
			isa = PBXFrameworksBuildPhase;
			buildActionMask = 2147483647;
			files = (
			);
			runOnlyForDeploymentPostprocessing = 0;
		};
		6E74EEF719D509290055912B /* Frameworks */ = {
			isa = PBXFrameworksBuildPhase;
			buildActionMask = 2147483647;
			files = (
			);
			runOnlyForDeploymentPostprocessing = 0;
		};
/* End PBXFrameworksBuildPhase section */

/* Begin PBXGroup section */
		379FE90519DFB4E300B71CFF /* ViewController */ = {
			isa = PBXGroup;
			children = (
				379FE92F19DFBA2C00B71CFF /* ContactViewController.swift */,
				379FE93019DFBA2C00B71CFF /* ConversationViewController.swift */,
				379FE93219DFBA2C00B71CFF /* LoginViewController.swift */,
				379FE93419DFBA2C00B71CFF /* RecentViewController.swift */,
				379FE93519DFBA2C00B71CFF /* SettingViewController.swift */,
				6E34251919E28A0600802DF4 /* TabBarViewController.swift */,
				6EEB4F3419E7899200304AC9 /* NavigationController.swift */,
			);
			path = ViewController;
			sourceTree = "<group>";
		};
		379FE90619DFB50800B71CFF /* Application */ = {
			isa = PBXGroup;
			children = (
				6E74EEE719D509290055912B /* AppDelegate.swift */,
			);
			path = Application;
			sourceTree = "<group>";
		};
		379FE90719DFB53600B71CFF /* View */ = {
			isa = PBXGroup;
			children = (
				6E74EEEE19D509290055912B /* Main.storyboard */,
				6E74EEF319D509290055912B /* LaunchScreen.xib */,
				379FE97C19DFC87600B71CFF /* ContactCell.swift */,
				6ED98A2F19E5321E00136C27 /* RecentCell.swift */,
			);
			path = View;
			sourceTree = "<group>";
		};
		379FE90819DFB57D00B71CFF /* Asset */ = {
			isa = PBXGroup;
			children = (
				6EFF479419E698530097404F /* NewMessage.wav */,
				379FE90A19DFB5E300B71CFF /* Away.png */,
				379FE90B19DFB5E300B71CFF /* background_gradient_basic_background_gradient_gray_11_5000x4000.jpg */,
				379FE90D19DFB5E300B71CFF /* bubbleMine2.png */,
				379FE91019DFB5E300B71CFF /* bubbleSomeone2.png */,
				379FE91219DFB5E300B71CFF /* DonotDisturb.png */,
				6E74EEF119D509290055912B /* Images.xcassets */,
				379FE91419DFB5E300B71CFF /* missingAvatar.png */,
				379FE91519DFB5E300B71CFF /* missingAvatar@2x.png */,
				379FE91719DFB5E300B71CFF /* Online.png */,
			);
			path = Asset;
			sourceTree = "<group>";
		};
		379FE95319DFBBDB00B71CFF /* Lib */ = {
			isa = PBXGroup;
			children = (
				6EEB4F2B19E77EF800304AC9 /* KeyChainWrapper */,
				6E2B611219E7948400420D4E /* UIBubble */,
				6E2B611019E7940A00420D4E /* SFWebSocket */,
				6E2B611119E7942C00420D4E /* Delegates */,
				379FE97019DFBD2200B71CFF /* GlobalVariable.swift */,
				379FE97119DFBD2200B71CFF /* LoginInfo.swift */,
				379FE97319DFBD2200B71CFF /* MessageSocket.swift */,
				6EE5249019D56BE90004CCAF /* SilverMessenger-Bridging-Header.h */,
			);
			path = Lib;
			sourceTree = "<group>";
		};
		6E2B611019E7940A00420D4E /* SFWebSocket */ = {
			isa = PBXGroup;
			children = (
				379FE95419DFBC0900B71CFF /* SRWebSocket.h */,
				379FE95519DFBC0900B71CFF /* SRWebSocket.m */,
			);
			path = SFWebSocket;
			sourceTree = "<group>";
		};
		6E2B611119E7942C00420D4E /* Delegates */ = {
			isa = PBXGroup;
			children = (
				379FE97219DFBD2200B71CFF /* MessageDelegate.swift */,
				379FE97A19DFBECE00B71CFF /* AuthenticateDelegate.swift */,
				6E34251B19E28A8500802DF4 /* NotificationDelegate.swift */,
			);
			path = Delegates;
			sourceTree = "<group>";
		};
		6E2B611219E7948400420D4E /* UIBubble */ = {
			isa = PBXGroup;
			children = (
				6E2B611319E7948400420D4E /* NSBubbleData.h */,
				6E2B611419E7948400420D4E /* NSBubbleData.m */,
				6E2B611519E7948400420D4E /* UIBubbleHeaderTableViewCell.h */,
				6E2B611619E7948400420D4E /* UIBubbleHeaderTableViewCell.m */,
				6E2B611719E7948400420D4E /* UIBubbleTableView.h */,
				6E2B611819E7948400420D4E /* UIBubbleTableView.m */,
				6E2B611919E7948400420D4E /* UIBubbleTableViewCell.h */,
				6E2B611A19E7948400420D4E /* UIBubbleTableViewCell.m */,
				6E2B611B19E7948400420D4E /* UIBubbleTableViewDataSource.h */,
				6E2B611C19E7948400420D4E /* UIBubbleTypingTableViewCell.h */,
				6E2B611D19E7948400420D4E /* UIBubbleTypingTableViewCell.m */,
			);
			path = UIBubble;
			sourceTree = "<group>";
		};
		6E3E4AC019E4DF59000F2233 /* Model */ = {
			isa = PBXGroup;
			children = (
				6E9BA0F619E57A51004CA0F8 /* SilverMessenger.xcdatamodeld */,
				6E2B612319E7950300420D4E /* CoreDataHelper.swift */,
				6E3E4AC819E4E9DF000F2233 /* BusinessAccess.swift */,
				6E9BA0F919E57E75004CA0F8 /* MessageEntity.swift */,
			);
			path = Model;
			sourceTree = "<group>";
		};
		6E74EED919D509290055912B = {
			isa = PBXGroup;
			children = (
				6E74EEE419D509290055912B /* SilverMessenger */,
				6E74EEFD19D509290055912B /* SilverMessengerTests */,
				6E74EEE319D509290055912B /* Products */,
			);
			sourceTree = "<group>";
		};
		6E74EEE319D509290055912B /* Products */ = {
			isa = PBXGroup;
			children = (
				6E74EEE219D509290055912B /* SilverMessenger.app */,
				6E74EEFA19D509290055912B /* SilverMessengerTests.xctest */,
			);
			name = Products;
			sourceTree = "<group>";
		};
		6E74EEE419D509290055912B /* SilverMessenger */ = {
			isa = PBXGroup;
			children = (
				6E3E4AC019E4DF59000F2233 /* Model */,
				379FE90619DFB50800B71CFF /* Application */,
				379FE90819DFB57D00B71CFF /* Asset */,
				379FE95319DFBBDB00B71CFF /* Lib */,
				6E74EEE519D509290055912B /* Supporting Files */,
				379FE90719DFB53600B71CFF /* View */,
				379FE90519DFB4E300B71CFF /* ViewController */,
			);
			path = SilverMessenger;
			sourceTree = "<group>";
		};
		6E74EEE519D509290055912B /* Supporting Files */ = {
			isa = PBXGroup;
			children = (
				6E74EEE619D509290055912B /* Info.plist */,
			);
			name = "Supporting Files";
			sourceTree = "<group>";
		};
		6E74EEFD19D509290055912B /* SilverMessengerTests */ = {
			isa = PBXGroup;
			children = (
				6E74EF0019D509290055912B /* SilverMessengerTests.swift */,
				6E74EEFE19D509290055912B /* Supporting Files */,
			);
			path = SilverMessengerTests;
			sourceTree = "<group>";
		};
		6E74EEFE19D509290055912B /* Supporting Files */ = {
			isa = PBXGroup;
			children = (
				6E74EEFF19D509290055912B /* Info.plist */,
			);
			name = "Supporting Files";
			sourceTree = "<group>";
		};
		6EEB4F2B19E77EF800304AC9 /* KeyChainWrapper */ = {
			isa = PBXGroup;
			children = (
				6EEB4F3119E7826D00304AC9 /* KeychainWrapper.h */,
				6EEB4F3219E7828200304AC9 /* KeychainWapper.m */,
			);
			name = KeyChainWrapper;
			sourceTree = "<group>";
		};
/* End PBXGroup section */

/* Begin PBXNativeTarget section */
		6E74EEE119D509290055912B /* SilverMessenger */ = {
			isa = PBXNativeTarget;
			buildConfigurationList = 6E74EF0419D509290055912B /* Build configuration list for PBXNativeTarget "SilverMessenger" */;
			buildPhases = (
				6E74EEDE19D509290055912B /* Sources */,
				6E74EEDF19D509290055912B /* Frameworks */,
				6E74EEE019D509290055912B /* Resources */,
			);
			buildRules = (
			);
			dependencies = (
			);
			name = SilverMessenger;
			productName = SilverMessenger;
			productReference = 6E74EEE219D509290055912B /* SilverMessenger.app */;
			productType = "com.apple.product-type.application";
		};
		6E74EEF919D509290055912B /* SilverMessengerTests */ = {
			isa = PBXNativeTarget;
			buildConfigurationList = 6E74EF0719D509290055912B /* Build configuration list for PBXNativeTarget "SilverMessengerTests" */;
			buildPhases = (
				6E74EEF619D509290055912B /* Sources */,
				6E74EEF719D509290055912B /* Frameworks */,
				6E74EEF819D509290055912B /* Resources */,
			);
			buildRules = (
			);
			dependencies = (
				6E74EEFC19D509290055912B /* PBXTargetDependency */,
			);
			name = SilverMessengerTests;
			productName = SilverMessengerTests;
			productReference = 6E74EEFA19D509290055912B /* SilverMessengerTests.xctest */;
			productType = "com.apple.product-type.bundle.unit-test";
		};
/* End PBXNativeTarget section */

/* Begin PBXProject section */
		6E74EEDA19D509290055912B /* Project object */ = {
			isa = PBXProject;
			attributes = {
				LastUpgradeCheck = 0610;
				ORGANIZATIONNAME = exteam.com;
				TargetAttributes = {
					6E74EEE119D509290055912B = {
						CreatedOnToolsVersion = 6.1;
					};
					6E74EEF919D509290055912B = {
						CreatedOnToolsVersion = 6.1;
						TestTargetID = 6E74EEE119D509290055912B;
					};
				};
			};
			buildConfigurationList = 6E74EEDD19D509290055912B /* Build configuration list for PBXProject "SilverMessenger" */;
			compatibilityVersion = "Xcode 3.2";
			developmentRegion = English;
			hasScannedForEncodings = 0;
			knownRegions = (
				en,
				Base,
			);
			mainGroup = 6E74EED919D509290055912B;
			productRefGroup = 6E74EEE319D509290055912B /* Products */;
			projectDirPath = "";
			projectRoot = "";
			targets = (
				6E74EEE119D509290055912B /* SilverMessenger */,
				6E74EEF919D509290055912B /* SilverMessengerTests */,
			);
		};
/* End PBXProject section */

/* Begin PBXResourcesBuildPhase section */
		6E74EEE019D509290055912B /* Resources */ = {
			isa = PBXResourcesBuildPhase;
			buildActionMask = 2147483647;
			files = (
				6E74EEF019D509290055912B /* Main.storyboard in Resources */,
				379FE92019DFB5E300B71CFF /* bubbleMine2.png in Resources */,
				6E74EEF519D509290055912B /* LaunchScreen.xib in Resources */,
				6EFF479519E698530097404F /* NewMessage.wav in Resources */,
				379FE92719DFB5E300B71CFF /* missingAvatar.png in Resources */,
				379FE92A19DFB5E300B71CFF /* Online.png in Resources */,
				379FE92519DFB5E300B71CFF /* DonotDisturb.png in Resources */,
				379FE91D19DFB5E300B71CFF /* Away.png in Resources */,
				379FE92819DFB5E300B71CFF /* missingAvatar@2x.png in Resources */,
				6E74EEF219D509290055912B /* Images.xcassets in Resources */,
				379FE92319DFB5E300B71CFF /* bubbleSomeone2.png in Resources */,
				379FE91E19DFB5E300B71CFF /* background_gradient_basic_background_gradient_gray_11_5000x4000.jpg in Resources */,
			);
			runOnlyForDeploymentPostprocessing = 0;
		};
		6E74EEF819D509290055912B /* Resources */ = {
			isa = PBXResourcesBuildPhase;
			buildActionMask = 2147483647;
			files = (
			);
			runOnlyForDeploymentPostprocessing = 0;
		};
/* End PBXResourcesBuildPhase section */

/* Begin PBXSourcesBuildPhase section */
		6E74EEDE19D509290055912B /* Sources */ = {
			isa = PBXSourcesBuildPhase;
			buildActionMask = 2147483647;
			files = (
				6E9BA0FA19E57E75004CA0F8 /* MessageEntity.swift in Sources */,
				6E2B612219E7948400420D4E /* UIBubbleTypingTableViewCell.m in Sources */,
				379FE93819DFBA2C00B71CFF /* ContactViewController.swift in Sources */,
				379FE93919DFBA2C00B71CFF /* ConversationViewController.swift in Sources */,
				379FE97B19DFBECE00B71CFF /* AuthenticateDelegate.swift in Sources */,
				379FE93D19DFBA2C00B71CFF /* RecentViewController.swift in Sources */,
				6EEB4F3519E7899200304AC9 /* NavigationController.swift in Sources */,
				6E34251C19E28A8500802DF4 /* NotificationDelegate.swift in Sources */,
				6E2B612419E7950300420D4E /* CoreDataHelper.swift in Sources */,
				6EEB4F3319E7828200304AC9 /* KeychainWapper.m in Sources */,
				6E3E4AC919E4E9DF000F2233 /* BusinessAccess.swift in Sources */,
				379FE97619DFBD2200B71CFF /* MessageDelegate.swift in Sources */,
				6E2B611F19E7948400420D4E /* UIBubbleHeaderTableViewCell.m in Sources */,
				6ED98A3019E5321E00136C27 /* RecentCell.swift in Sources */,
				6E2B612019E7948400420D4E /* UIBubbleTableView.m in Sources */,
				379FE97419DFBD2200B71CFF /* GlobalVariable.swift in Sources */,
				6E74EEE819D509290055912B /* AppDelegate.swift in Sources */,
				6E9BA0F819E57A51004CA0F8 /* SilverMessenger.xcdatamodeld in Sources */,
				6E34251A19E28A0600802DF4 /* TabBarViewController.swift in Sources */,
				6E2B611E19E7948400420D4E /* NSBubbleData.m in Sources */,
				379FE93E19DFBA2C00B71CFF /* SettingViewController.swift in Sources */,
				379FE95619DFBC0900B71CFF /* SRWebSocket.m in Sources */,
				379FE97719DFBD2200B71CFF /* MessageSocket.swift in Sources */,
				379FE93B19DFBA2C00B71CFF /* LoginViewController.swift in Sources */,
				379FE97D19DFC87600B71CFF /* ContactCell.swift in Sources */,
				379FE97519DFBD2200B71CFF /* LoginInfo.swift in Sources */,
				6E2B612119E7948400420D4E /* UIBubbleTableViewCell.m in Sources */,
			);
			runOnlyForDeploymentPostprocessing = 0;
		};
		6E74EEF619D509290055912B /* Sources */ = {
			isa = PBXSourcesBuildPhase;
			buildActionMask = 2147483647;
			files = (
				6E74EF0119D509290055912B /* SilverMessengerTests.swift in Sources */,
			);
			runOnlyForDeploymentPostprocessing = 0;
		};
/* End PBXSourcesBuildPhase section */

/* Begin PBXTargetDependency section */
		6E74EEFC19D509290055912B /* PBXTargetDependency */ = {
			isa = PBXTargetDependency;
			target = 6E74EEE119D509290055912B /* SilverMessenger */;
			targetProxy = 6E74EEFB19D509290055912B /* PBXContainerItemProxy */;
		};
/* End PBXTargetDependency section */

/* Begin PBXVariantGroup section */
		6E74EEEE19D509290055912B /* Main.storyboard */ = {
			isa = PBXVariantGroup;
			children = (
				6E74EEEF19D509290055912B /* Base */,
			);
			name = Main.storyboard;
			path = ..;
			sourceTree = "<group>";
		};
		6E74EEF319D509290055912B /* LaunchScreen.xib */ = {
			isa = PBXVariantGroup;
			children = (
				6E74EEF419D509290055912B /* Base */,
			);
			name = LaunchScreen.xib;
			path = ..;
			sourceTree = "<group>";
		};
/* End PBXVariantGroup section */

/* Begin XCBuildConfiguration section */
		6E74EF0219D509290055912B /* Debug */ = {
			isa = XCBuildConfiguration;
			buildSettings = {
				ALWAYS_SEARCH_USER_PATHS = NO;
				CLANG_CXX_LANGUAGE_STANDARD = "gnu++0x";
				CLANG_CXX_LIBRARY = "libc++";
				CLANG_ENABLE_MODULES = YES;
				CLANG_ENABLE_OBJC_ARC = YES;
				CLANG_WARN_BOOL_CONVERSION = YES;
				CLANG_WARN_CONSTANT_CONVERSION = YES;
				CLANG_WARN_DIRECT_OBJC_ISA_USAGE = YES_ERROR;
				CLANG_WARN_EMPTY_BODY = YES;
				CLANG_WARN_ENUM_CONVERSION = YES;
				CLANG_WARN_INT_CONVERSION = YES;
				CLANG_WARN_OBJC_ROOT_CLASS = YES_ERROR;
				CLANG_WARN_UNREACHABLE_CODE = YES;
				CLANG_WARN__DUPLICATE_METHOD_MATCH = YES;
				"CODE_SIGN_IDENTITY[sdk=iphoneos*]" = "iPhone Developer";
				COPY_PHASE_STRIP = NO;
				ENABLE_STRICT_OBJC_MSGSEND = YES;
				GCC_C_LANGUAGE_STANDARD = gnu99;
				GCC_DYNAMIC_NO_PIC = NO;
				GCC_OPTIMIZATION_LEVEL = 0;
				GCC_PREPROCESSOR_DEFINITIONS = (
					"DEBUG=1",
					"$(inherited)",
				);
				GCC_SYMBOLS_PRIVATE_EXTERN = NO;
				GCC_WARN_64_TO_32_BIT_CONVERSION = YES;
				GCC_WARN_ABOUT_RETURN_TYPE = YES_ERROR;
				GCC_WARN_UNDECLARED_SELECTOR = YES;
				GCC_WARN_UNINITIALIZED_AUTOS = YES_AGGRESSIVE;
				GCC_WARN_UNUSED_FUNCTION = YES;
				GCC_WARN_UNUSED_VARIABLE = YES;
				IPHONEOS_DEPLOYMENT_TARGET = 8.0;
				MTL_ENABLE_DEBUG_INFO = YES;
				ONLY_ACTIVE_ARCH = YES;
				SDKROOT = iphoneos;
				SWIFT_OPTIMIZATION_LEVEL = "-Onone";
			};
			name = Debug;
		};
		6E74EF0319D509290055912B /* Release */ = {
			isa = XCBuildConfiguration;
			buildSettings = {
				ALWAYS_SEARCH_USER_PATHS = NO;
				CLANG_CXX_LANGUAGE_STANDARD = "gnu++0x";
				CLANG_CXX_LIBRARY = "libc++";
				CLANG_ENABLE_MODULES = YES;
				CLANG_ENABLE_OBJC_ARC = YES;
				CLANG_WARN_BOOL_CONVERSION = YES;
				CLANG_WARN_CONSTANT_CONVERSION = YES;
				CLANG_WARN_DIRECT_OBJC_ISA_USAGE = YES_ERROR;
				CLANG_WARN_EMPTY_BODY = YES;
				CLANG_WARN_ENUM_CONVERSION = YES;
				CLANG_WARN_INT_CONVERSION = YES;
				CLANG_WARN_OBJC_ROOT_CLASS = YES_ERROR;
				CLANG_WARN_UNREACHABLE_CODE = YES;
				CLANG_WARN__DUPLICATE_METHOD_MATCH = YES;
				"CODE_SIGN_IDENTITY[sdk=iphoneos*]" = "iPhone Developer";
				COPY_PHASE_STRIP = YES;
				ENABLE_NS_ASSERTIONS = NO;
				ENABLE_STRICT_OBJC_MSGSEND = YES;
				GCC_C_LANGUAGE_STANDARD = gnu99;
				GCC_WARN_64_TO_32_BIT_CONVERSION = YES;
				GCC_WARN_ABOUT_RETURN_TYPE = YES_ERROR;
				GCC_WARN_UNDECLARED_SELECTOR = YES;
				GCC_WARN_UNINITIALIZED_AUTOS = YES_AGGRESSIVE;
				GCC_WARN_UNUSED_FUNCTION = YES;
				GCC_WARN_UNUSED_VARIABLE = YES;
				IPHONEOS_DEPLOYMENT_TARGET = 8.0;
				MTL_ENABLE_DEBUG_INFO = NO;
				SDKROOT = iphoneos;
				VALIDATE_PRODUCT = YES;
			};
			name = Release;
		};
		6E74EF0519D509290055912B /* Debug */ = {
			isa = XCBuildConfiguration;
			buildSettings = {
				ASSETCATALOG_COMPILER_APPICON_NAME = AppIcon;
				CLANG_ENABLE_MODULES = YES;
				GCC_PRECOMPILE_PREFIX_HEADER = NO;
				INFOPLIST_FILE = SilverMessenger/Info.plist;
				LD_RUNPATH_SEARCH_PATHS = "$(inherited) @executable_path/Frameworks";
				OTHER_LDFLAGS = " -licucore ";
				PRODUCT_NAME = "$(TARGET_NAME)";
				SWIFT_INSTALL_OBJC_HEADER = NO;
				SWIFT_OBJC_BRIDGING_HEADER = "SilverMessenger/SilverMessenger-Bridging-Header.h";
				SWIFT_OPTIMIZATION_LEVEL = "-Onone";
			};
			name = Debug;
		};
		6E74EF0619D509290055912B /* Release */ = {
			isa = XCBuildConfiguration;
			buildSettings = {
				ASSETCATALOG_COMPILER_APPICON_NAME = AppIcon;
				CLANG_ENABLE_MODULES = YES;
				GCC_PRECOMPILE_PREFIX_HEADER = NO;
				INFOPLIST_FILE = SilverMessenger/Info.plist;
				LD_RUNPATH_SEARCH_PATHS = "$(inherited) @executable_path/Frameworks";
				OTHER_LDFLAGS = " -licucore ";
				PRODUCT_NAME = "$(TARGET_NAME)";
				SWIFT_INSTALL_OBJC_HEADER = NO;
				SWIFT_OBJC_BRIDGING_HEADER = "SilverMessenger/SilverMessenger-Bridging-Header.h";
			};
			name = Release;
		};
		6E74EF0819D509290055912B /* Debug */ = {
			isa = XCBuildConfiguration;
			buildSettings = {
				BUNDLE_LOADER = "$(TEST_HOST)";
				FRAMEWORK_SEARCH_PATHS = (
					"$(SDKROOT)/Developer/Library/Frameworks",
					"$(inherited)",
				);
				GCC_PREPROCESSOR_DEFINITIONS = (
					"DEBUG=1",
					"$(inherited)",
				);
				INFOPLIST_FILE = SilverMessengerTests/Info.plist;
				LD_RUNPATH_SEARCH_PATHS = "$(inherited) @executable_path/Frameworks @loader_path/Frameworks";
				PRODUCT_NAME = "$(TARGET_NAME)";
				TEST_HOST = "$(BUILT_PRODUCTS_DIR)/SilverMessenger.app/SilverMessenger";
			};
			name = Debug;
		};
		6E74EF0919D509290055912B /* Release */ = {
			isa = XCBuildConfiguration;
			buildSettings = {
				BUNDLE_LOADER = "$(TEST_HOST)";
				FRAMEWORK_SEARCH_PATHS = (
					"$(SDKROOT)/Developer/Library/Frameworks",
					"$(inherited)",
				);
				INFOPLIST_FILE = SilverMessengerTests/Info.plist;
				LD_RUNPATH_SEARCH_PATHS = "$(inherited) @executable_path/Frameworks @loader_path/Frameworks";
				PRODUCT_NAME = "$(TARGET_NAME)";
				TEST_HOST = "$(BUILT_PRODUCTS_DIR)/SilverMessenger.app/SilverMessenger";
			};
			name = Release;
		};
/* End XCBuildConfiguration section */

/* Begin XCConfigurationList section */
		6E74EEDD19D509290055912B /* Build configuration list for PBXProject "SilverMessenger" */ = {
			isa = XCConfigurationList;
			buildConfigurations = (
				6E74EF0219D509290055912B /* Debug */,
				6E74EF0319D509290055912B /* Release */,
			);
			defaultConfigurationIsVisible = 0;
			defaultConfigurationName = Release;
		};
		6E74EF0419D509290055912B /* Build configuration list for PBXNativeTarget "SilverMessenger" */ = {
			isa = XCConfigurationList;
			buildConfigurations = (
				6E74EF0519D509290055912B /* Debug */,
				6E74EF0619D509290055912B /* Release */,
			);
			defaultConfigurationIsVisible = 0;
			defaultConfigurationName = Release;
		};
		6E74EF0719D509290055912B /* Build configuration list for PBXNativeTarget "SilverMessengerTests" */ = {
			isa = XCConfigurationList;
			buildConfigurations = (
				6E74EF0819D509290055912B /* Debug */,
				6E74EF0919D509290055912B /* Release */,
			);
			defaultConfigurationIsVisible = 0;
			defaultConfigurationName = Release;
		};
/* End XCConfigurationList section */

/* Begin XCVersionGroup section */
		6E9BA0F619E57A51004CA0F8 /* SilverMessenger.xcdatamodeld */ = {
			isa = XCVersionGroup;
			children = (
				6E9BA0F719E57A51004CA0F8 /* SilverMessenger.xcdatamodel */,
			);
			currentVersion = 6E9BA0F719E57A51004CA0F8 /* SilverMessenger.xcdatamodel */;
			path = SilverMessenger.xcdatamodeld;
			sourceTree = "<group>";
			versionGroupType = wrapper.xcdatamodel;
		};
/* End XCVersionGroup section */
	};
	rootObject = 6E74EEDA19D509290055912B /* Project object */;
}
